
Microsoft Visual Studio Solution File, Format Version 11.00
# Visual Studio 2010
Project("{FAE04EC0-301F-11D3-BF4B-00C04F79EFBC}") = "Scheduler.Library", "Scheduler.Library\Scheduler.Library.csproj", "{8019330F-A0F1-4295-BD87-B6A331340E2C}"
EndProject
Project("{FAE04EC0-301F-11D3-BF4B-00C04F79EFBC}") = "Scheduler.Service", "Scheduler.Service\Scheduler.Service.csproj", "{2E0CAF68-2BFB-45B6-8304-657989D339C9}"
EndProject
Project("{54435603-DBB4-11D2-8724-00A0C9A8B90C}") = "Scheduler.ServiceSetup", "Scheduler.ServiceSetup\Scheduler.ServiceSetup.vdproj", "{D371777A-09C1-44C7-9817-70FC10B87EFF}"
EndProject
Global
	GlobalSection(SolutionConfigurationPlatforms) = preSolution
		Adsic|Any CPU = Adsic|Any CPU
		Adsic|Mixed Platforms = Adsic|Mixed Platforms
		Adsic|x64 = Adsic|x64
		Adsic|x86 = Adsic|x86
		Debug|Any CPU = Debug|Any CPU
		Debug|Mixed Platforms = Debug|Mixed Platforms
		Debug|x64 = Debug|x64
		Debug|x86 = Debug|x86
		Deploy|Any CPU = Deploy|Any CPU
		Deploy|Mixed Platforms = Deploy|Mixed Platforms
		Deploy|x64 = Deploy|x64
		Deploy|x86 = Deploy|x86
		Local|Any CPU = Local|Any CPU
		Local|Mixed Platforms = Local|Mixed Platforms
		Local|x64 = Local|x64
		Local|x86 = Local|x86
		Production|Any CPU = Production|Any CPU
		Production|Mixed Platforms = Production|Mixed Platforms
		Production|x64 = Production|x64
		Production|x86 = Production|x86
		Release|Any CPU = Release|Any CPU
		Release|Mixed Platforms = Release|Mixed Platforms
		Release|x64 = Release|x64
		Release|x86 = Release|x86
		Stage|Any CPU = Stage|Any CPU
		Stage|Mixed Platforms = Stage|Mixed Platforms
		Stage|x64 = Stage|x64
		Stage|x86 = Stage|x86
		Staging|Any CPU = Staging|Any CPU
		Staging|Mixed Platforms = Staging|Mixed Platforms
		Staging|x64 = Staging|x64
		Staging|x86 = Staging|x86
	EndGlobalSection
	GlobalSection(ProjectConfigurationPlatforms) = postSolution
		{8019330F-A0F1-4295-BD87-B6A331340E2C}.Adsic|Any CPU.ActiveCfg = Release|Any CPU
		{8019330F-A0F1-4295-BD87-B6A331340E2C}.Adsic|Any CPU.Build.0 = Release|Any CPU
		{8019330F-A0F1-4295-BD87-B6A331340E2C}.Adsic|Mixed Platforms.ActiveCfg = Release|Any CPU
		{8019330F-A0F1-4295-BD87-B6A331340E2C}.Adsic|Mixed Platforms.Build.0 = Release|Any CPU
		{8019330F-A0F1-4295-BD87-B6A331340E2C}.Adsic|x64.ActiveCfg = Release|Any CPU
		{8019330F-A0F1-4295-BD87-B6A331340E2C}.Adsic|x86.ActiveCfg = Release|Any CPU
		{8019330F-A0F1-4295-BD87-B6A331340E2C}.Debug|Any CPU.ActiveCfg = Debug|Any CPU
		{8019330F-A0F1-4295-BD87-B6A331340E2C}.Debug|Any CPU.Build.0 = Debug|Any CPU
		{8019330F-A0F1-4295-BD87-B6A331340E2C}.Debug|Mixed Platforms.ActiveCfg = Debug|Any CPU
		{8019330F-A0F1-4295-BD87-B6A331340E2C}.Debug|Mixed Platforms.Build.0 = Debug|Any CPU
		{8019330F-A0F1-4295-BD87-B6A331340E2C}.Debug|x64.ActiveCfg = Debug|Any CPU
		{8019330F-A0F1-4295-BD87-B6A331340E2C}.Debug|x86.ActiveCfg = Debug|Any CPU
		{8019330F-A0F1-4295-BD87-B6A331340E2C}.Deploy|Any CPU.ActiveCfg = Debug|Any CPU
		{8019330F-A0F1-4295-BD87-B6A331340E2C}.Deploy|Any CPU.Build.0 = Debug|Any CPU
		{8019330F-A0F1-4295-BD87-B6A331340E2C}.Deploy|Mixed Platforms.ActiveCfg = Debug|Any CPU
		{8019330F-A0F1-4295-BD87-B6A331340E2C}.Deploy|Mixed Platforms.Build.0 = Debug|Any CPU
		{8019330F-A0F1-4295-BD87-B6A331340E2C}.Deploy|x64.ActiveCfg = Debug|Any CPU
		{8019330F-A0F1-4295-BD87-B6A331340E2C}.Deploy|x86.ActiveCfg = Debug|Any CPU
		{8019330F-A0F1-4295-BD87-B6A331340E2C}.Local|Any CPU.ActiveCfg = Release|Any CPU
		{8019330F-A0F1-4295-BD87-B6A331340E2C}.Local|Any CPU.Build.0 = Release|Any CPU
		{8019330F-A0F1-4295-BD87-B6A331340E2C}.Local|Mixed Platforms.ActiveCfg = Release|Any CPU
		{8019330F-A0F1-4295-BD87-B6A331340E2C}.Local|Mixed Platforms.Build.0 = Release|Any CPU
		{8019330F-A0F1-4295-BD87-B6A331340E2C}.Local|x64.ActiveCfg = Release|Any CPU
		{8019330F-A0F1-4295-BD87-B6A331340E2C}.Local|x86.ActiveCfg = Release|Any CPU
		{8019330F-A0F1-4295-BD87-B6A331340E2C}.Production|Any CPU.ActiveCfg = Release|Any CPU
		{8019330F-A0F1-4295-BD87-B6A331340E2C}.Production|Any CPU.Build.0 = Release|Any CPU
		{8019330F-A0F1-4295-BD87-B6A331340E2C}.Production|Mixed Platforms.ActiveCfg = Release|Any CPU
		{8019330F-A0F1-4295-BD87-B6A331340E2C}.Production|Mixed Platforms.Build.0 = Release|Any CPU
		{8019330F-A0F1-4295-BD87-B6A331340E2C}.Production|x64.ActiveCfg = Release|Any CPU
		{8019330F-A0F1-4295-BD87-B6A331340E2C}.Production|x86.ActiveCfg = Release|Any CPU
		{8019330F-A0F1-4295-BD87-B6A331340E2C}.Release|Any CPU.ActiveCfg = Release|Any CPU
		{8019330F-A0F1-4295-BD87-B6A331340E2C}.Release|Any CPU.Build.0 = Release|Any CPU
		{8019330F-A0F1-4295-BD87-B6A331340E2C}.Release|Mixed Platforms.ActiveCfg = Release|Any CPU
		{8019330F-A0F1-4295-BD87-B6A331340E2C}.Release|Mixed Platforms.Build.0 = Release|Any CPU
		{8019330F-A0F1-4295-BD87-B6A331340E2C}.Release|x64.ActiveCfg = Release|Any CPU
		{8019330F-A0F1-4295-BD87-B6A331340E2C}.Release|x86.ActiveCfg = Release|Any CPU
		{8019330F-A0F1-4295-BD87-B6A331340E2C}.Stage|Any CPU.ActiveCfg = Release|Any CPU
		{8019330F-A0F1-4295-BD87-B6A331340E2C}.Stage|Any CPU.Build.0 = Release|Any CPU
		{8019330F-A0F1-4295-BD87-B6A331340E2C}.Stage|Mixed Platforms.ActiveCfg = Debug|Any CPU
		{8019330F-A0F1-4295-BD87-B6A331340E2C}.Stage|Mixed Platforms.Build.0 = Debug|Any CPU
		{8019330F-A0F1-4295-BD87-B6A331340E2C}.Stage|x64.ActiveCfg = Release|Any CPU
		{8019330F-A0F1-4295-BD87-B6A331340E2C}.Stage|x86.ActiveCfg = Release|Any CPU
		{8019330F-A0F1-4295-BD87-B6A331340E2C}.Staging|Any CPU.ActiveCfg = Release|Any CPU
		{8019330F-A0F1-4295-BD87-B6A331340E2C}.Staging|Any CPU.Build.0 = Release|Any CPU
		{8019330F-A0F1-4295-BD87-B6A331340E2C}.Staging|Mixed Platforms.ActiveCfg = Release|Any CPU
		{8019330F-A0F1-4295-BD87-B6A331340E2C}.Staging|Mixed Platforms.Build.0 = Release|Any CPU
		{8019330F-A0F1-4295-BD87-B6A331340E2C}.Staging|x64.ActiveCfg = Release|Any CPU
		{8019330F-A0F1-4295-BD87-B6A331340E2C}.Staging|x86.ActiveCfg = Release|Any CPU
		{2E0CAF68-2BFB-45B6-8304-657989D339C9}.Adsic|Any CPU.ActiveCfg = Release|x86
		{2E0CAF68-2BFB-45B6-8304-657989D339C9}.Adsic|Mixed Platforms.ActiveCfg = Release|x86
		{2E0CAF68-2BFB-45B6-8304-657989D339C9}.Adsic|Mixed Platforms.Build.0 = Release|x86
		{2E0CAF68-2BFB-45B6-8304-657989D339C9}.Adsic|x64.ActiveCfg = Release|x86
		{2E0CAF68-2BFB-45B6-8304-657989D339C9}.Adsic|x86.ActiveCfg = Release|x86
		{2E0CAF68-2BFB-45B6-8304-657989D339C9}.Adsic|x86.Build.0 = Release|x86
		{2E0CAF68-2BFB-45B6-8304-657989D339C9}.Debug|Any CPU.ActiveCfg = Debug|x86
		{2E0CAF68-2BFB-45B6-8304-657989D339C9}.Debug|Mixed Platforms.ActiveCfg = Debug|x86
		{2E0CAF68-2BFB-45B6-8304-657989D339C9}.Debug|Mixed Platforms.Build.0 = Debug|x86
		{2E0CAF68-2BFB-45B6-8304-657989D339C9}.Debug|x64.ActiveCfg = Debug|x86
		{2E0CAF68-2BFB-45B6-8304-657989D339C9}.Debug|x86.ActiveCfg = Debug|x86
		{2E0CAF68-2BFB-45B6-8304-657989D339C9}.Debug|x86.Build.0 = Debug|x86
		{2E0CAF68-2BFB-45B6-8304-657989D339C9}.Deploy|Any CPU.ActiveCfg = Debug|x86
		{2E0CAF68-2BFB-45B6-8304-657989D339C9}.Deploy|Mixed Platforms.ActiveCfg = Debug|x86
		{2E0CAF68-2BFB-45B6-8304-657989D339C9}.Deploy|Mixed Platforms.Build.0 = Debug|x86
		{2E0CAF68-2BFB-45B6-8304-657989D339C9}.Deploy|x64.ActiveCfg = Debug|x86
		{2E0CAF68-2BFB-45B6-8304-657989D339C9}.Deploy|x86.ActiveCfg = Debug|x86
		{2E0CAF68-2BFB-45B6-8304-657989D339C9}.Deploy|x86.Build.0 = Debug|x86
		{2E0CAF68-2BFB-45B6-8304-657989D339C9}.Local|Any CPU.ActiveCfg = Release|x86
		{2E0CAF68-2BFB-45B6-8304-657989D339C9}.Local|Mixed Platforms.ActiveCfg = Release|x86
		{2E0CAF68-2BFB-45B6-8304-657989D339C9}.Local|Mixed Platforms.Build.0 = Release|x86
		{2E0CAF68-2BFB-45B6-8304-657989D339C9}.Local|x64.ActiveCfg = Release|x86
		{2E0CAF68-2BFB-45B6-8304-657989D339C9}.Local|x86.ActiveCfg = Release|x86
		{2E0CAF68-2BFB-45B6-8304-657989D339C9}.Local|x86.Build.0 = Release|x86
		{2E0CAF68-2BFB-45B6-8304-657989D339C9}.Production|Any CPU.ActiveCfg = Release|x86
		{2E0CAF68-2BFB-45B6-8304-657989D339C9}.Production|Mixed Platforms.ActiveCfg = Release|x86
		{2E0CAF68-2BFB-45B6-8304-657989D339C9}.Production|Mixed Platforms.Build.0 = Release|x86
		{2E0CAF68-2BFB-45B6-8304-657989D339C9}.Production|x64.ActiveCfg = Release|x86
		{2E0CAF68-2BFB-45B6-8304-657989D339C9}.Production|x86.ActiveCfg = Release|x86
		{2E0CAF68-2BFB-45B6-8304-657989D339C9}.Production|x86.Build.0 = Release|x86
		{2E0CAF68-2BFB-45B6-8304-657989D339C9}.Release|Any CPU.ActiveCfg = Release|x86
		{2E0CAF68-2BFB-45B6-8304-657989D339C9}.Release|Mixed Platforms.ActiveCfg = Release|x86
		{2E0CAF68-2BFB-45B6-8304-657989D339C9}.Release|Mixed Platforms.Build.0 = Release|x86
		{2E0CAF68-2BFB-45B6-8304-657989D339C9}.Release|x64.ActiveCfg = Release|x86
		{2E0CAF68-2BFB-45B6-8304-657989D339C9}.Release|x86.ActiveCfg = Release|x86
		{2E0CAF68-2BFB-45B6-8304-657989D339C9}.Release|x86.Build.0 = Release|x86
		{2E0CAF68-2BFB-45B6-8304-657989D339C9}.Stage|Any CPU.ActiveCfg = Release|x86
		{2E0CAF68-2BFB-45B6-8304-657989D339C9}.Stage|Mixed Platforms.ActiveCfg = Debug|x86
		{2E0CAF68-2BFB-45B6-8304-657989D339C9}.Stage|Mixed Platforms.Build.0 = Debug|x86
		{2E0CAF68-2BFB-45B6-8304-657989D339C9}.Stage|x64.ActiveCfg = Release|x86
		{2E0CAF68-2BFB-45B6-8304-657989D339C9}.Stage|x86.ActiveCfg = Release|x86
		{2E0CAF68-2BFB-45B6-8304-657989D339C9}.Stage|x86.Build.0 = Release|x86
		{2E0CAF68-2BFB-45B6-8304-657989D339C9}.Staging|Any CPU.ActiveCfg = Release|x86
		{2E0CAF68-2BFB-45B6-8304-657989D339C9}.Staging|Mixed Platforms.ActiveCfg = Release|x86
		{2E0CAF68-2BFB-45B6-8304-657989D339C9}.Staging|Mixed Platforms.Build.0 = Release|x86
		{2E0CAF68-2BFB-45B6-8304-657989D339C9}.Staging|x64.ActiveCfg = Release|x86
		{2E0CAF68-2BFB-45B6-8304-657989D339C9}.Staging|x86.ActiveCfg = Release|x86
		{2E0CAF68-2BFB-45B6-8304-657989D339C9}.Staging|x86.Build.0 = Release|x86
		{D371777A-09C1-44C7-9817-70FC10B87EFF}.Adsic|Any CPU.ActiveCfg = Release
		{D371777A-09C1-44C7-9817-70FC10B87EFF}.Adsic|Mixed Platforms.ActiveCfg = Release
		{D371777A-09C1-44C7-9817-70FC10B87EFF}.Adsic|x64.ActiveCfg = Release
		{D371777A-09C1-44C7-9817-70FC10B87EFF}.Adsic|x86.ActiveCfg = Release
		{D371777A-09C1-44C7-9817-70FC10B87EFF}.Debug|Any CPU.ActiveCfg = Debug
		{D371777A-09C1-44C7-9817-70FC10B87EFF}.Debug|Mixed Platforms.ActiveCfg = Debug
		{D371777A-09C1-44C7-9817-70FC10B87EFF}.Debug|x64.ActiveCfg = Debug
		{D371777A-09C1-44C7-9817-70FC10B87EFF}.Debug|x86.ActiveCfg = Debug
		{D371777A-09C1-44C7-9817-70FC10B87EFF}.Deploy|Any CPU.ActiveCfg = Debug
		{D371777A-09C1-44C7-9817-70FC10B87EFF}.Deploy|Mixed Platforms.ActiveCfg = Debug
		{D371777A-09C1-44C7-9817-70FC10B87EFF}.Deploy|x64.ActiveCfg = Debug
		{D371777A-09C1-44C7-9817-70FC10B87EFF}.Deploy|x86.ActiveCfg = Debug
		{D371777A-09C1-44C7-9817-70FC10B87EFF}.Local|Any CPU.ActiveCfg = Release
		{D371777A-09C1-44C7-9817-70FC10B87EFF}.Local|Mixed Platforms.ActiveCfg = Release
		{D371777A-09C1-44C7-9817-70FC10B87EFF}.Local|x64.ActiveCfg = Release
		{D371777A-09C1-44C7-9817-70FC10B87EFF}.Local|x86.ActiveCfg = Release
		{D371777A-09C1-44C7-9817-70FC10B87EFF}.Production|Any CPU.ActiveCfg = Release
		{D371777A-09C1-44C7-9817-70FC10B87EFF}.Production|Mixed Platforms.ActiveCfg = Release
		{D371777A-09C1-44C7-9817-70FC10B87EFF}.Production|x64.ActiveCfg = Release
		{D371777A-09C1-44C7-9817-70FC10B87EFF}.Production|x86.ActiveCfg = Release
		{D371777A-09C1-44C7-9817-70FC10B87EFF}.Release|Any CPU.ActiveCfg = Release
		{D371777A-09C1-44C7-9817-70FC10B87EFF}.Release|Mixed Platforms.ActiveCfg = Release
		{D371777A-09C1-44C7-9817-70FC10B87EFF}.Release|x64.ActiveCfg = Release
		{D371777A-09C1-44C7-9817-70FC10B87EFF}.Release|x86.ActiveCfg = Release
		{D371777A-09C1-44C7-9817-70FC10B87EFF}.Stage|Any CPU.ActiveCfg = Release
		{D371777A-09C1-44C7-9817-70FC10B87EFF}.Stage|Mixed Platforms.ActiveCfg = Debug
		{D371777A-09C1-44C7-9817-70FC10B87EFF}.Stage|x64.ActiveCfg = Release
		{D371777A-09C1-44C7-9817-70FC10B87EFF}.Stage|x86.ActiveCfg = Release
		{D371777A-09C1-44C7-9817-70FC10B87EFF}.Staging|Any CPU.ActiveCfg = Release
		{D371777A-09C1-44C7-9817-70FC10B87EFF}.Staging|Mixed Platforms.ActiveCfg = Release
		{D371777A-09C1-44C7-9817-70FC10B87EFF}.Staging|x64.ActiveCfg = Release
		{D371777A-09C1-44C7-9817-70FC10B87EFF}.Staging|x86.ActiveCfg = Release
	EndGlobalSection
	GlobalSection(SolutionProperties) = preSolution
		HideSolutionNode = FALSE
	EndGlobalSection
EndGlobal
